
Microsoft Visual Studio Solution File, Format Version 12.00
# Visual Studio Version 17
VisualStudioVersion = 17.3.32811.315
MinimumVisualStudioVersion = 10.0.40219.1
Project("{FAE04EC0-301F-11D3-BF4B-00C04F79EFBC}") = "MvcDemoProject", "MvcDemoProject\MvcDemoProject.csproj", "{7975ED79-6A68-4956-AE4C-D85EB4404510}"
EndProject
Global
	GlobalSection(SolutionConfigurationPlatforms) = preSolution
		Debug|Any CPU = Debug|Any CPU
		Release|Any CPU = Release|Any CPU
	EndGlobalSection
	GlobalSection(ProjectConfigurationPlatforms) = postSolution
		{7975ED79-6A68-4956-AE4C-D85EB4404510}.Debug|Any CPU.ActiveCfg = Debug|Any CPU
		{7975ED79-6A68-4956-AE4C-D85EB4404510}.Debug|Any CPU.Build.0 = Debug|Any CPU
		{7975ED79-6A68-4956-AE4C-D85EB4404510}.Release|Any CPU.ActiveCfg = Release|Any CPU
		{7975ED79-6A68-4956-AE4C-D85EB4404510}.Release|Any CPU.Build.0 = Release|Any CPU
	EndGlobalSection
	GlobalSection(SolutionProperties) = preSolution
		HideSolutionNode = FALSE
	EndGlobalSection
	GlobalSection(ExtensibilityGlobals) = postSolution
		SolutionGuid = {5B7333BD-4BBB-416B-A9AA-BCC92A0E636E}
	EndGlobalSection
EndGlobal
